
Microsoft Visual Studio Solution File, Format Version 12.00
# Visual Studio 14
VisualStudioVersion = 14.0.25420.1
MinimumVisualStudioVersion = 10.0.40219.1
Project("{8BC9CEB8-8B4A-11D0-8D11-00A0C91BC942}") = "001_Comparation", "001_Comparation\001_Comparation.vcxproj", "{6DED2B31-FD4B-4F8E-847D-6829E991FAFB}"
EndProject
Project("{8BC9CEB8-8B4A-11D0-8D11-00A0C91BC942}") = "002_if", "002_if\002_if.vcxproj", "{8A10F2C0-0746-4824-BF40-F9BEEBA43B26}"
EndProject
Project("{8BC9CEB8-8B4A-11D0-8D11-00A0C91BC942}") = "003_If_else", "002_If_else\002_If_else.vcxproj", "{FC9B021C-B99A-4250-A2A3-AE77724E87E3}"
EndProject
Project("{8BC9CEB8-8B4A-11D0-8D11-00A0C91BC942}") = "004_If_else", "003_If_else\003_If_else.vcxproj", "{D5507906-BE8A-4F98-9224-0124FC1D97B2}"
EndProject
Project("{8BC9CEB8-8B4A-11D0-8D11-00A0C91BC942}") = "005_if_else_example", "004_if_else_example\004_if_else_example.vcxproj", "{481FD384-CE70-4437-9326-C35C0BA29B13}"
EndProject
Project("{8BC9CEB8-8B4A-11D0-8D11-00A0C91BC942}") = "006_Ternary", "006_Ternary\006_Ternary.vcxproj", "{9FBF5497-D98B-4ECB-BEFA-390D10AEFA21}"
EndProject
Project("{8BC9CEB8-8B4A-11D0-8D11-00A0C91BC942}") = "007_Ternary", "007_Ternary\007_Ternary.vcxproj", "{041B3406-FD73-4C69-A534-A5E990BD1355}"
EndProject
Project("{8BC9CEB8-8B4A-11D0-8D11-00A0C91BC942}") = "008_Ternary", "008_Ternary\008_Ternary.vcxproj", "{E9513C28-4D2E-48C0-9FA4-7F0B0652AD9D}"
EndProject
Project("{8BC9CEB8-8B4A-11D0-8D11-00A0C91BC942}") = "009_Switch", "009_Switch\009_Switch.vcxproj", "{958B3905-97C4-4468-A6B5-B2EF7D8E45F3}"
EndProject
Project("{8BC9CEB8-8B4A-11D0-8D11-00A0C91BC942}") = "010_Switch", "010_Switch\010_Switch.vcxproj", "{85F2B6F3-9805-48CC-BD1E-08EA2AC6C57E}"
EndProject
Project("{8BC9CEB8-8B4A-11D0-8D11-00A0C91BC942}") = "011_Switch", "011_Switch\011_Switch.vcxproj", "{7330CD87-587E-432F-A7FD-01F6EF57A255}"
EndProject
Global
	GlobalSection(SolutionConfigurationPlatforms) = preSolution
		Debug|x64 = Debug|x64
		Debug|x86 = Debug|x86
		Release|x64 = Release|x64
		Release|x86 = Release|x86
	EndGlobalSection
	GlobalSection(ProjectConfigurationPlatforms) = postSolution
		{6DED2B31-FD4B-4F8E-847D-6829E991FAFB}.Debug|x64.ActiveCfg = Debug|x64
		{6DED2B31-FD4B-4F8E-847D-6829E991FAFB}.Debug|x64.Build.0 = Debug|x64
		{6DED2B31-FD4B-4F8E-847D-6829E991FAFB}.Debug|x86.ActiveCfg = Debug|Win32
		{6DED2B31-FD4B-4F8E-847D-6829E991FAFB}.Debug|x86.Build.0 = Debug|Win32
		{6DED2B31-FD4B-4F8E-847D-6829E991FAFB}.Release|x64.ActiveCfg = Release|x64
		{6DED2B31-FD4B-4F8E-847D-6829E991FAFB}.Release|x64.Build.0 = Release|x64
		{6DED2B31-FD4B-4F8E-847D-6829E991FAFB}.Release|x86.ActiveCfg = Release|Win32
		{6DED2B31-FD4B-4F8E-847D-6829E991FAFB}.Release|x86.Build.0 = Release|Win32
		{8A10F2C0-0746-4824-BF40-F9BEEBA43B26}.Debug|x64.ActiveCfg = Debug|x64
		{8A10F2C0-0746-4824-BF40-F9BEEBA43B26}.Debug|x64.Build.0 = Debug|x64
		{8A10F2C0-0746-4824-BF40-F9BEEBA43B26}.Debug|x86.ActiveCfg = Debug|Win32
		{8A10F2C0-0746-4824-BF40-F9BEEBA43B26}.Debug|x86.Build.0 = Debug|Win32
		{8A10F2C0-0746-4824-BF40-F9BEEBA43B26}.Release|x64.ActiveCfg = Release|x64
		{8A10F2C0-0746-4824-BF40-F9BEEBA43B26}.Release|x64.Build.0 = Release|x64
		{8A10F2C0-0746-4824-BF40-F9BEEBA43B26}.Release|x86.ActiveCfg = Release|Win32
		{8A10F2C0-0746-4824-BF40-F9BEEBA43B26}.Release|x86.Build.0 = Release|Win32
		{FC9B021C-B99A-4250-A2A3-AE77724E87E3}.Debug|x64.ActiveCfg = Debug|x64
		{FC9B021C-B99A-4250-A2A3-AE77724E87E3}.Debug|x64.Build.0 = Debug|x64
		{FC9B021C-B99A-4250-A2A3-AE77724E87E3}.Debug|x86.ActiveCfg = Debug|Win32
		{FC9B021C-B99A-4250-A2A3-AE77724E87E3}.Debug|x86.Build.0 = Debug|Win32
		{FC9B021C-B99A-4250-A2A3-AE77724E87E3}.Release|x64.ActiveCfg = Release|x64
		{FC9B021C-B99A-4250-A2A3-AE77724E87E3}.Release|x64.Build.0 = Release|x64
		{FC9B021C-B99A-4250-A2A3-AE77724E87E3}.Release|x86.ActiveCfg = Release|Win32
		{FC9B021C-B99A-4250-A2A3-AE77724E87E3}.Release|x86.Build.0 = Release|Win32
		{D5507906-BE8A-4F98-9224-0124FC1D97B2}.Debug|x64.ActiveCfg = Debug|x64
		{D5507906-BE8A-4F98-9224-0124FC1D97B2}.Debug|x64.Build.0 = Debug|x64
		{D5507906-BE8A-4F98-9224-0124FC1D97B2}.Debug|x86.ActiveCfg = Debug|Win32
		{D5507906-BE8A-4F98-9224-0124FC1D97B2}.Debug|x86.Build.0 = Debug|Win32
		{D5507906-BE8A-4F98-9224-0124FC1D97B2}.Release|x64.ActiveCfg = Release|x64
		{D5507906-BE8A-4F98-9224-0124FC1D97B2}.Release|x64.Build.0 = Release|x64
		{D5507906-BE8A-4F98-9224-0124FC1D97B2}.Release|x86.ActiveCfg = Release|Win32
		{D5507906-BE8A-4F98-9224-0124FC1D97B2}.Release|x86.Build.0 = Release|Win32
		{481FD384-CE70-4437-9326-C35C0BA29B13}.Debug|x64.ActiveCfg = Debug|x64
		{481FD384-CE70-4437-9326-C35C0BA29B13}.Debug|x64.Build.0 = Debug|x64
		{481FD384-CE70-4437-9326-C35C0BA29B13}.Debug|x86.ActiveCfg = Debug|Win32
		{481FD384-CE70-4437-9326-C35C0BA29B13}.Debug|x86.Build.0 = Debug|Win32
		{481FD384-CE70-4437-9326-C35C0BA29B13}.Release|x64.ActiveCfg = Release|x64
		{481FD384-CE70-4437-9326-C35C0BA29B13}.Release|x64.Build.0 = Release|x64
		{481FD384-CE70-4437-9326-C35C0BA29B13}.Release|x86.ActiveCfg = Release|Win32
		{481FD384-CE70-4437-9326-C35C0BA29B13}.Release|x86.Build.0 = Release|Win32
		{9FBF5497-D98B-4ECB-BEFA-390D10AEFA21}.Debug|x64.ActiveCfg = Debug|x64
		{9FBF5497-D98B-4ECB-BEFA-390D10AEFA21}.Debug|x64.Build.0 = Debug|x64
		{9FBF5497-D98B-4ECB-BEFA-390D10AEFA21}.Debug|x86.ActiveCfg = Debug|Win32
		{9FBF5497-D98B-4ECB-BEFA-390D10AEFA21}.Debug|x86.Build.0 = Debug|Win32
		{9FBF5497-D98B-4ECB-BEFA-390D10AEFA21}.Release|x64.ActiveCfg = Release|x64
		{9FBF5497-D98B-4ECB-BEFA-390D10AEFA21}.Release|x64.Build.0 = Release|x64
		{9FBF5497-D98B-4ECB-BEFA-390D10AEFA21}.Release|x86.ActiveCfg = Release|Win32
		{9FBF5497-D98B-4ECB-BEFA-390D10AEFA21}.Release|x86.Build.0 = Release|Win32
		{041B3406-FD73-4C69-A534-A5E990BD1355}.Debug|x64.ActiveCfg = Debug|x64
		{041B3406-FD73-4C69-A534-A5E990BD1355}.Debug|x64.Build.0 = Debug|x64
		{041B3406-FD73-4C69-A534-A5E990BD1355}.Debug|x86.ActiveCfg = Debug|Win32
		{041B3406-FD73-4C69-A534-A5E990BD1355}.Debug|x86.Build.0 = Debug|Win32
		{041B3406-FD73-4C69-A534-A5E990BD1355}.Release|x64.ActiveCfg = Release|x64
		{041B3406-FD73-4C69-A534-A5E990BD1355}.Release|x64.Build.0 = Release|x64
		{041B3406-FD73-4C69-A534-A5E990BD1355}.Release|x86.ActiveCfg = Release|Win32
		{041B3406-FD73-4C69-A534-A5E990BD1355}.Release|x86.Build.0 = Release|Win32
		{E9513C28-4D2E-48C0-9FA4-7F0B0652AD9D}.Debug|x64.ActiveCfg = Debug|x64
		{E9513C28-4D2E-48C0-9FA4-7F0B0652AD9D}.Debug|x64.Build.0 = Debug|x64
		{E9513C28-4D2E-48C0-9FA4-7F0B0652AD9D}.Debug|x86.ActiveCfg = Debug|Win32
		{E9513C28-4D2E-48C0-9FA4-7F0B0652AD9D}.Debug|x86.Build.0 = Debug|Win32
		{E9513C28-4D2E-48C0-9FA4-7F0B0652AD9D}.Release|x64.ActiveCfg = Release|x64
		{E9513C28-4D2E-48C0-9FA4-7F0B0652AD9D}.Release|x64.Build.0 = Release|x64
		{E9513C28-4D2E-48C0-9FA4-7F0B0652AD9D}.Release|x86.ActiveCfg = Release|Win32
		{E9513C28-4D2E-48C0-9FA4-7F0B0652AD9D}.Release|x86.Build.0 = Release|Win32
		{958B3905-97C4-4468-A6B5-B2EF7D8E45F3}.Debug|x64.ActiveCfg = Debug|x64
		{958B3905-97C4-4468-A6B5-B2EF7D8E45F3}.Debug|x64.Build.0 = Debug|x64
		{958B3905-97C4-4468-A6B5-B2EF7D8E45F3}.Debug|x86.ActiveCfg = Debug|Win32
		{958B3905-97C4-4468-A6B5-B2EF7D8E45F3}.Debug|x86.Build.0 = Debug|Win32
		{958B3905-97C4-4468-A6B5-B2EF7D8E45F3}.Release|x64.ActiveCfg = Release|x64
		{958B3905-97C4-4468-A6B5-B2EF7D8E45F3}.Release|x64.Build.0 = Release|x64
		{958B3905-97C4-4468-A6B5-B2EF7D8E45F3}.Release|x86.ActiveCfg = Release|Win32
		{958B3905-97C4-4468-A6B5-B2EF7D8E45F3}.Release|x86.Build.0 = Release|Win32
		{85F2B6F3-9805-48CC-BD1E-08EA2AC6C57E}.Debug|x64.ActiveCfg = Debug|x64
		{85F2B6F3-9805-48CC-BD1E-08EA2AC6C57E}.Debug|x64.Build.0 = Debug|x64
		{85F2B6F3-9805-48CC-BD1E-08EA2AC6C57E}.Debug|x86.ActiveCfg = Debug|Win32
		{85F2B6F3-9805-48CC-BD1E-08EA2AC6C57E}.Debug|x86.Build.0 = Debug|Win32
		{85F2B6F3-9805-48CC-BD1E-08EA2AC6C57E}.Release|x64.ActiveCfg = Release|x64
		{85F2B6F3-9805-48CC-BD1E-08EA2AC6C57E}.Release|x64.Build.0 = Release|x64
		{85F2B6F3-9805-48CC-BD1E-08EA2AC6C57E}.Release|x86.ActiveCfg = Release|Win32
		{85F2B6F3-9805-48CC-BD1E-08EA2AC6C57E}.Release|x86.Build.0 = Release|Win32
		{7330CD87-587E-432F-A7FD-01F6EF57A255}.Debug|x64.ActiveCfg = Debug|x64
		{7330CD87-587E-432F-A7FD-01F6EF57A255}.Debug|x64.Build.0 = Debug|x64
		{7330CD87-587E-432F-A7FD-01F6EF57A255}.Debug|x86.ActiveCfg = Debug|Win32
		{7330CD87-587E-432F-A7FD-01F6EF57A255}.Debug|x86.Build.0 = Debug|Win32
		{7330CD87-587E-432F-A7FD-01F6EF57A255}.Release|x64.ActiveCfg = Release|x64
		{7330CD87-587E-432F-A7FD-01F6EF57A255}.Release|x64.Build.0 = Release|x64
		{7330CD87-587E-432F-A7FD-01F6EF57A255}.Release|x86.ActiveCfg = Release|Win32
		{7330CD87-587E-432F-A7FD-01F6EF57A255}.Release|x86.Build.0 = Release|Win32
	EndGlobalSection
	GlobalSection(SolutionProperties) = preSolution
		HideSolutionNode = FALSE
	EndGlobalSection
EndGlobal
